// !$*UTF8*$!
{
	archiveVersion = 1;
	classes = {
	};
	objectVersion = 50;
	objects = {

/* Begin PBXBuildFile section */
		AEB20EAC20DA62D2006C74BB /* AppDelegate.swift in Sources */ = {isa = PBXBuildFile; fileRef = AEB20EAB20DA62D2006C74BB /* AppDelegate.swift */; };
		AEB20EAE20DA62D2006C74BB /* TodoListViewController.swift in Sources */ = {isa = PBXBuildFile; fileRef = AEB20EAD20DA62D2006C74BB /* TodoListViewController.swift */; };
		AEB20EB120DA62D2006C74BB /* Main.storyboard in Resources */ = {isa = PBXBuildFile; fileRef = AEB20EAF20DA62D2006C74BB /* Main.storyboard */; };
		AEB20EB320DA62D6006C74BB /* Assets.xcassets in Resources */ = {isa = PBXBuildFile; fileRef = AEB20EB220DA62D6006C74BB /* Assets.xcassets */; };
		AEB20EB620DA62D6006C74BB /* LaunchScreen.storyboard in Resources */ = {isa = PBXBuildFile; fileRef = AEB20EB420DA62D6006C74BB /* LaunchScreen.storyboard */; };
		AEB20EEA20DB7975006C74BB /* DataModel.xcdatamodeld in Sources */ = {isa = PBXBuildFile; fileRef = AEB20EE820DB7975006C74BB /* DataModel.xcdatamodeld */; };
		AEB20EEE20DB9D30006C74BB /* CategoryViewController.swift in Sources */ = {isa = PBXBuildFile; fileRef = AEB20EED20DB9D30006C74BB /* CategoryViewController.swift */; };
/* End PBXBuildFile section */

/* Begin PBXFileReference section */
		AEB20EA820DA62D2006C74BB /* Todoey.app */ = {isa = PBXFileReference; explicitFileType = wrapper.application; includeInIndex = 0; path = Todoey.app; sourceTree = BUILT_PRODUCTS_DIR; };
		AEB20EAB20DA62D2006C74BB /* AppDelegate.swift */ = {isa = PBXFileReference; lastKnownFileType = sourcecode.swift; path = AppDelegate.swift; sourceTree = "<group>"; };
		AEB20EAD20DA62D2006C74BB /* TodoListViewController.swift */ = {isa = PBXFileReference; lastKnownFileType = sourcecode.swift; path = TodoListViewController.swift; sourceTree = "<group>"; };
		AEB20EB020DA62D2006C74BB /* Base */ = {isa = PBXFileReference; lastKnownFileType = file.storyboard; name = Base; path = Base.lproj/Main.storyboard; sourceTree = "<group>"; };
		AEB20EB220DA62D6006C74BB /* Assets.xcassets */ = {isa = PBXFileReference; lastKnownFileType = folder.assetcatalog; path = Assets.xcassets; sourceTree = "<group>"; };
		AEB20EB520DA62D6006C74BB /* Base */ = {isa = PBXFileReference; lastKnownFileType = file.storyboard; name = Base; path = Base.lproj/LaunchScreen.storyboard; sourceTree = "<group>"; };
		AEB20EB720DA62D6006C74BB /* Info.plist */ = {isa = PBXFileReference; lastKnownFileType = text.plist.xml; path = Info.plist; sourceTree = "<group>"; };
		AEB20EE920DB7975006C74BB /* DataModel.xcdatamodel */ = {isa = PBXFileReference; lastKnownFileType = wrapper.xcdatamodel; path = DataModel.xcdatamodel; sourceTree = "<group>"; };
		AEB20EED20DB9D30006C74BB /* CategoryViewController.swift */ = {isa = PBXFileReference; lastKnownFileType = sourcecode.swift; path = CategoryViewController.swift; sourceTree = "<group>"; };
/* End PBXFileReference section */

/* Begin PBXFrameworksBuildPhase section */
		AEB20EA520DA62D2006C74BB /* Frameworks */ = {
			isa = PBXFrameworksBuildPhase;
			buildActionMask = 2147483647;
			files = (
			);
			runOnlyForDeploymentPostprocessing = 0;
		};
/* End PBXFrameworksBuildPhase section */

/* Begin PBXGroup section */
		AEB20E9F20DA62D2006C74BB = {
			isa = PBXGroup;
			children = (
				AEB20EAA20DA62D2006C74BB /* Todoey */,
				AEB20EA920DA62D2006C74BB /* Products */,
			);
			sourceTree = "<group>";
		};
		AEB20EA920DA62D2006C74BB /* Products */ = {
			isa = PBXGroup;
			children = (
				AEB20EA820DA62D2006C74BB /* Todoey.app */,
			);
			name = Products;
			sourceTree = "<group>";
		};
		AEB20EAA20DA62D2006C74BB /* Todoey */ = {
			isa = PBXGroup;
			children = (
				AEB20EAB20DA62D2006C74BB /* AppDelegate.swift */,
				AEB20EC220DA889E006C74BB /* Controllers */,
				AEB20EC020DA8836006C74BB /* Data Model */,
				AEB20EC120DA886C006C74BB /* Views */,
				AEB20EC320DA88B6006C74BB /* Supporting Files */,
				AEB20EB720DA62D6006C74BB /* Info.plist */,
			);
			path = Todoey;
			sourceTree = "<group>";
		};
		AEB20EC020DA8836006C74BB /* Data Model */ = {
			isa = PBXGroup;
			children = (
				AEB20EE820DB7975006C74BB /* DataModel.xcdatamodeld */,
			);
			path = "Data Model";
			sourceTree = "<group>";
		};
		AEB20EC120DA886C006C74BB /* Views */ = {
			isa = PBXGroup;
			children = (
				AEB20EAF20DA62D2006C74BB /* Main.storyboard */,
			);
			path = Views;
			sourceTree = "<group>";
		};
		AEB20EC220DA889E006C74BB /* Controllers */ = {
			isa = PBXGroup;
			children = (
				AEB20EED20DB9D30006C74BB /* CategoryViewController.swift */,
				AEB20EAD20DA62D2006C74BB /* TodoListViewController.swift */,
			);
			path = Controllers;
			sourceTree = "<group>";
		};
		AEB20EC320DA88B6006C74BB /* Supporting Files */ = {
			isa = PBXGroup;
			children = (
				AEB20EB220DA62D6006C74BB /* Assets.xcassets */,
				AEB20EB420DA62D6006C74BB /* LaunchScreen.storyboard */,
			);
			path = "Supporting Files";
			sourceTree = "<group>";
		};
/* End PBXGroup section */

/* Begin PBXNativeTarget section */
		AEB20EA720DA62D2006C74BB /* Todoey */ = {
			isa = PBXNativeTarget;
			buildConfigurationList = AEB20EBA20DA62D6006C74BB /* Build configuration list for PBXNativeTarget "Todoey" */;
			buildPhases = (
				AEB20EA420DA62D2006C74BB /* Sources */,
				AEB20EA520DA62D2006C74BB /* Frameworks */,
				AEB20EA620DA62D2006C74BB /* Resources */,
			);
			buildRules = (
			);
			dependencies = (
			);
			name = Todoey;
			productName = Todoey;
			productReference = AEB20EA820DA62D2006C74BB /* Todoey.app */;
			productType = "com.apple.product-type.application";
		};
/* End PBXNativeTarget section */

/* Begin PBXProject section */
		AEB20EA020DA62D2006C74BB /* Project object */ = {
			isa = PBXProject;
			attributes = {
				LastSwiftUpdateCheck = 0940;
				LastUpgradeCheck = 0940;
				ORGANIZATIONNAME = "Achint Mistry";
				TargetAttributes = {
					AEB20EA720DA62D2006C74BB = {
						CreatedOnToolsVersion = 9.4.1;
					};
				};
			};
			buildConfigurationList = AEB20EA320DA62D2006C74BB /* Build configuration list for PBXProject "Todoey" */;
			compatibilityVersion = "Xcode 9.3";
			developmentRegion = en;
			hasScannedForEncodings = 0;
			knownRegions = (
				en,
				Base,
			);
			mainGroup = AEB20E9F20DA62D2006C74BB;
			productRefGroup = AEB20EA920DA62D2006C74BB /* Products */;
			projectDirPath = "";
			projectRoot = "";
			targets = (
				AEB20EA720DA62D2006C74BB /* Todoey */,
			);
		};
/* End PBXProject section */

/* Begin PBXResourcesBuildPhase section */
		AEB20EA620DA62D2006C74BB /* Resources */ = {
			isa = PBXResourcesBuildPhase;
			buildActionMask = 2147483647;
			files = (
				AEB20EB620DA62D6006C74BB /* LaunchScreen.storyboard in Resources */,
				AEB20EB320DA62D6006C74BB /* Assets.xcassets in Resources */,
				AEB20EB120DA62D2006C74BB /* Main.storyboard in Resources */,
			);
			runOnlyForDeploymentPostprocessing = 0;
		};
/* End PBXResourcesBuildPhase section */

/* Begin PBXSourcesBuildPhase section */
		AEB20EA420DA62D2006C74BB /* Sources */ = {
			isa = PBXSourcesBuildPhase;
			buildActionMask = 2147483647;
			files = (
				AEB20EEE20DB9D30006C74BB /* CategoryViewController.swift in Sources */,
				AEB20EAE20DA62D2006C74BB /* TodoListViewController.swift in Sources */,
				AEB20EEA20DB7975006C74BB /* DataModel.xcdatamodeld in Sources */,
				AEB20EAC20DA62D2006C74BB /* AppDelegate.swift in Sources */,
			);
			runOnlyForDeploymentPostprocessing = 0;
		};
/* End PBXSourcesBuildPhase section */

/* Begin PBXVariantGroup section */
		AEB20EAF20DA62D2006C74BB /* Main.storyboard */ = {
			isa = PBXVariantGroup;
			children = (
				AEB20EB020DA62D2006C74BB /* Base */,
			);
			name = Main.storyboard;
			sourceTree = "<group>";
		};
		AEB20EB420DA62D6006C74BB /* LaunchScreen.storyboard */ = {
			isa = PBXVariantGroup;
			children = (
				AEB20EB520DA62D6006C74BB /* Base */,
			);
			name = LaunchScreen.storyboard;
			sourceTree = "<group>";
		};
/* End PBXVariantGroup section */

/* Begin XCBuildConfiguration section */
		AEB20EB820DA62D6006C74BB /* Debug */ = {
			isa = XCBuildConfiguration;
			buildSettings = {
				ALWAYS_SEARCH_USER_PATHS = NO;
				CLANG_ANALYZER_NONNULL = YES;
				CLANG_ANALYZER_NUMBER_OBJECT_CONVERSION = YES_AGGRESSIVE;
				CLANG_CXX_LANGUAGE_STANDARD = "gnu++14";
				CLANG_CXX_LIBRARY = "libc++";
				CLANG_ENABLE_MODULES = YES;
				CLANG_ENABLE_OBJC_ARC = YES;
				CLANG_ENABLE_OBJC_WEAK = YES;
				CLANG_WARN_BLOCK_CAPTURE_AUTORELEASING = YES;
				CLANG_WARN_BOOL_CONVERSION = YES;
				CLANG_WARN_COMMA = YES;
				CLANG_WARN_CONSTANT_CONVERSION = YES;
				CLANG_WARN_DEPRECATED_OBJC_IMPLEMENTATIONS = YES;
				CLANG_WARN_DIRECT_OBJC_ISA_USAGE = YES_ERROR;
				CLANG_WARN_DOCUMENTATION_COMMENTS = YES;
				CLANG_WARN_EMPTY_BODY = YES;
				CLANG_WARN_ENUM_CONVERSION = YES;
				CLANG_WARN_INFINITE_RECURSION = YES;
				CLANG_WARN_INT_CONVERSION = YES;
				CLANG_WARN_NON_LITERAL_NULL_CONVERSION = YES;
				CLANG_WARN_OBJC_IMPLICIT_RETAIN_SELF = YES;
				CLANG_WARN_OBJC_LITERAL_CONVERSION = YES;
				CLANG_WARN_OBJC_ROOT_CLASS = YES_ERROR;
				CLANG_WARN_RANGE_LOOP_ANALYSIS = YES;
				CLANG_WARN_STRICT_PROTOTYPES = YES;
				CLANG_WARN_SUSPICIOUS_MOVE = YES;
				CLANG_WARN_UNGUARDED_AVAILABILITY = YES_AGGRESSIVE;
				CLANG_WARN_UNREACHABLE_CODE = YES;
				CLANG_WARN__DUPLICATE_METHOD_MATCH = YES;
				CODE_SIGN_IDENTITY = "iPhone Developer";
				COPY_PHASE_STRIP = NO;
				DEBUG_INFORMATION_FORMAT = dwarf;
				ENABLE_STRICT_OBJC_MSGSEND = YES;
				ENABLE_TESTABILITY = YES;
				GCC_C_LANGUAGE_STANDARD = gnu11;
				GCC_DYNAMIC_NO_PIC = NO;
				GCC_NO_COMMON_BLOCKS = YES;
				GCC_OPTIMIZATION_LEVEL = 0;
				GCC_PREPROCESSOR_DEFINITIONS = (
					"DEBUG=1",
					"$(inherited)",
				);
				GCC_WARN_64_TO_32_BIT_CONVERSION = YES;
				GCC_WARN_ABOUT_RETURN_TYPE = YES_ERROR;
				GCC_WARN_UNDECLARED_SELECTOR = YES;
				GCC_WARN_UNINITIALIZED_AUTOS = YES_AGGRESSIVE;
				GCC_WARN_UNUSED_FUNCTION = YES;
				GCC_WARN_UNUSED_VARIABLE = YES;
				IPHONEOS_DEPLOYMENT_TARGET = 11.4;
				MTL_ENABLE_DEBUG_INFO = YES;
				ONLY_ACTIVE_ARCH = YES;
				SDKROOT = iphoneos;
				SWIFT_ACTIVE_COMPILATION_CONDITIONS = DEBUG;
				SWIFT_OPTIMIZATION_LEVEL = "-Onone";
			};
			name = Debug;
		};
		AEB20EB920DA62D6006C74BB /* Release */ = {
			isa = XCBuildConfiguration;
			buildSettings = {
				ALWAYS_SEARCH_USER_PATHS = NO;
				CLANG_ANALYZER_NONNULL = YES;
				CLANG_ANALYZER_NUMBER_OBJECT_CONVERSION = YES_AGGRESSIVE;
				CLANG_CXX_LANGUAGE_STANDARD = "gnu++14";
				CLANG_CXX_LIBRARY = "libc++";
				CLANG_ENABLE_MODULES = YES;
				CLANG_ENABLE_OBJC_ARC = YES;
				CLANG_ENABLE_OBJC_WEAK = YES;
				CLANG_WARN_BLOCK_CAPTURE_AUTORELEASING = YES;
				CLANG_WARN_BOOL_CONVERSION = YES;
				CLANG_WARN_COMMA = YES;
				CLANG_WARN_CONSTANT_CONVERSION = YES;
				CLANG_WARN_DEPRECATED_OBJC_IMPLEMENTATIONS = YES;
				CLANG_WARN_DIRECT_OBJC_ISA_USAGE = YES_ERROR;
				CLANG_WARN_DOCUMENTATION_COMMENTS = YES;
				CLANG_WARN_EMPTY_BODY = YES;
				CLANG_WARN_ENUM_CONVERSION = YES;
				CLANG_WARN_INFINITE_RECURSION = YES;
				CLANG_WARN_INT_CONVERSION = YES;
				CLANG_WARN_NON_LITERAL_NULL_CONVERSION = YES;
				CLANG_WARN_OBJC_IMPLICIT_RETAIN_SELF = YES;
				CLANG_WARN_OBJC_LITERAL_CONVERSION = YES;
				CLANG_WARN_OBJC_ROOT_CLASS = YES_ERROR;
				CLANG_WARN_RANGE_LOOP_ANALYSIS = YES;
				CLANG_WARN_STRICT_PROTOTYPES = YES;
				CLANG_WARN_SUSPICIOUS_MOVE = YES;
				CLANG_WARN_UNGUARDED_AVAILABILITY = YES_AGGRESSIVE;
				CLANG_WARN_UNREACHABLE_CODE = YES;
				CLANG_WARN__DUPLICATE_METHOD_MATCH = YES;
				CODE_SIGN_IDENTITY = "iPhone Developer";
				COPY_PHASE_STRIP = NO;
				DEBUG_INFORMATION_FORMAT = "dwarf-with-dsym";
				ENABLE_NS_ASSERTIONS = NO;
				ENABLE_STRICT_OBJC_MSGSEND = YES;
				GCC_C_LANGUAGE_STANDARD = gnu11;
				GCC_NO_COMMON_BLOCKS = YES;
				GCC_WARN_64_TO_32_BIT_CONVERSION = YES;
				GCC_WARN_ABOUT_RETURN_TYPE = YES_ERROR;
				GCC_WARN_UNDECLARED_SELECTOR = YES;
				GCC_WARN_UNINITIALIZED_AUTOS = YES_AGGRESSIVE;
				GCC_WARN_UNUSED_FUNCTION = YES;
				GCC_WARN_UNUSED_VARIABLE = YES;
				IPHONEOS_DEPLOYMENT_TARGET = 11.4;
				MTL_ENABLE_DEBUG_INFO = NO;
				SDKROOT = iphoneos;
				SWIFT_COMPILATION_MODE = wholemodule;
				SWIFT_OPTIMIZATION_LEVEL = "-O";
				VALIDATE_PRODUCT = YES;
			};
			name = Release;
		};
		AEB20EBB20DA62D6006C74BB /* Debug */ = {
			isa = XCBuildConfiguration;
			buildSettings = {
				ASSETCATALOG_COMPILER_APPICON_NAME = AppIcon;
				CODE_SIGN_STYLE = Automatic;
				INFOPLIST_FILE = Todoey/Info.plist;
				LD_RUNPATH_SEARCH_PATHS = (
					"$(inherited)",
					"@executable_path/Frameworks",
				);
				PRODUCT_BUNDLE_IDENTIFIER = com.achint.Todoey;
				PRODUCT_NAME = "$(TARGET_NAME)";
				SWIFT_VERSION = 4.0;
				TARGETED_DEVICE_FAMILY = "1,2";
			};
			name = Debug;
		};
		AEB20EBC20DA62D6006C74BB /* Release */ = {
			isa = XCBuildConfiguration;
			buildSettings = {
				ASSETCATALOG_COMPILER_APPICON_NAME = AppIcon;
				CODE_SIGN_STYLE = Automatic;
				INFOPLIST_FILE = Todoey/Info.plist;
				LD_RUNPATH_SEARCH_PATHS = (
					"$(inherited)",
					"@executable_path/Frameworks",
				);
				PRODUCT_BUNDLE_IDENTIFIER = com.achint.Todoey;
				PRODUCT_NAME = "$(TARGET_NAME)";
				SWIFT_VERSION = 4.0;
				TARGETED_DEVICE_FAMILY = "1,2";
			};
			name = Release;
		};
/* End XCBuildConfiguration section */

/* Begin XCConfigurationList section */
		AEB20EA320DA62D2006C74BB /* Build configuration list for PBXProject "Todoey" */ = {
			isa = XCConfigurationList;
			buildConfigurations = (
				AEB20EB820DA62D6006C74BB /* Debug */,
				AEB20EB920DA62D6006C74BB /* Release */,
			);
			defaultConfigurationIsVisible = 0;
			defaultConfigurationName = Release;
		};
		AEB20EBA20DA62D6006C74BB /* Build configuration list for PBXNativeTarget "Todoey" */ = {
			isa = XCConfigurationList;
			buildConfigurations = (
				AEB20EBB20DA62D6006C74BB /* Debug */,
				AEB20EBC20DA62D6006C74BB /* Release */,
			);
			defaultConfigurationIsVisible = 0;
			defaultConfigurationName = Release;
		};
/* End XCConfigurationList section */

/* Begin XCVersionGroup section */
		AEB20EE820DB7975006C74BB /* DataModel.xcdatamodeld */ = {
			isa = XCVersionGroup;
			children = (
				AEB20EE920DB7975006C74BB /* DataModel.xcdatamodel */,
			);
			currentVersion = AEB20EE920DB7975006C74BB /* DataModel.xcdatamodel */;
			name = DataModel.xcdatamodeld;
			path = ../Controllers/DataModel.xcdatamodeld;
			sourceTree = "<group>";
			versionGroupType = wrapper.xcdatamodel;
		};
/* End XCVersionGroup section */
	};
	rootObject = AEB20EA020DA62D2006C74BB /* Project object */;
}
